// !$*UTF8*$!
{
	archiveVersion = 1;
	classes = {
	};
	objectVersion = 51;
	objects = {

/* Begin PBXBuildFile section */
		FC1280DA21C26B3200E664E7 /* Crashlytics.framework in Frameworks */ = {isa = PBXBuildFile; fileRef = FC1280D821C26B3100E664E7 /* Crashlytics.framework */; };
		FC1280DB21C26B3200E664E7 /* Fabric.framework in Frameworks */ = {isa = PBXBuildFile; fileRef = FC1280D921C26B3100E664E7 /* Fabric.framework */; };
		FC41292221C8DEF30058453B /* Redbeard.framework in Embed Frameworks */ = {isa = PBXBuildFile; fileRef = FC41292021C8DEF30058453B /* Redbeard.framework */; settings = {ATTRIBUTES = (CodeSignOnCopy, RemoveHeadersOnCopy, ); }; };
		FC412A1421C8E4CC0058453B /* RBButtonCellView.json in Resources */ = {isa = PBXBuildFile; fileRef = FC4129E221C8E4CC0058453B /* RBButtonCellView.json */; };
		FC412A1521C8E4CC0058453B /* RBSimpleCellView.json in Resources */ = {isa = PBXBuildFile; fileRef = FC4129E321C8E4CC0058453B /* RBSimpleCellView.json */; };
		FC412A1621C8E4CC0058453B /* RBBaseCellView.json in Resources */ = {isa = PBXBuildFile; fileRef = FC4129E421C8E4CC0058453B /* RBBaseCellView.json */; };
		FC412A1721C8E4CC0058453B /* form-common.json in Resources */ = {isa = PBXBuildFile; fileRef = FC4129E621C8E4CC0058453B /* form-common.json */; };
		FC412A1821C8E4CC0058453B /* RBManagedFormInputToolbar.json in Resources */ = {isa = PBXBuildFile; fileRef = FC4129E721C8E4CC0058453B /* RBManagedFormInputToolbar.json */; };
		FC412A1921C8E4CC0058453B /* RBManagedFormView.json in Resources */ = {isa = PBXBuildFile; fileRef = FC4129E821C8E4CC0058453B /* RBManagedFormView.json */; };
		FC412A1A21C8E4CC0058453B /* alert-buttons.json in Resources */ = {isa = PBXBuildFile; fileRef = FC4129EA21C8E4CC0058453B /* alert-buttons.json */; };
		FC412A1B21C8E4CC0058453B /* toolbar-buttons.json in Resources */ = {isa = PBXBuildFile; fileRef = FC4129EB21C8E4CC0058453B /* toolbar-buttons.json */; };
		FC412A1C21C8E4CC0058453B /* fonts.json in Resources */ = {isa = PBXBuildFile; fileRef = FC4129EC21C8E4CC0058453B /* fonts.json */; };
		FC412A1D21C8E4CC0058453B /* buttons.json in Resources */ = {isa = PBXBuildFile; fileRef = FC4129ED21C8E4CC0058453B /* buttons.json */; };
		FC412A1E21C8E4CC0058453B /* colors.json in Resources */ = {isa = PBXBuildFile; fileRef = FC4129EE21C8E4CC0058453B /* colors.json */; };
		FC412A1F21C8E4CC0058453B /* default.inc.json in Resources */ = {isa = PBXBuildFile; fileRef = FC4129EF21C8E4CC0058453B /* default.inc.json */; };
		FC412A2021C8E4CC0058453B /* RBToastAlertView.json in Resources */ = {isa = PBXBuildFile; fileRef = FC4129F121C8E4CC0058453B /* RBToastAlertView.json */; };
		FC412A2121C8E4CC0058453B /* RBFormAlertViewController.json in Resources */ = {isa = PBXBuildFile; fileRef = FC4129F221C8E4CC0058453B /* RBFormAlertViewController.json */; };
		FC412A2221C8E4CC0058453B /* RBAlertViewController.json in Resources */ = {isa = PBXBuildFile; fileRef = FC4129F321C8E4CC0058453B /* RBAlertViewController.json */; };
		FC412A2321C8E4CC0058453B /* RBPageViewController.json in Resources */ = {isa = PBXBuildFile; fileRef = FC4129F521C8E4CC0058453B /* RBPageViewController.json */; };
		FC412A2421C8E4CC0058453B /* RBSwitchField.json in Resources */ = {isa = PBXBuildFile; fileRef = FC4129F721C8E4CC0058453B /* RBSwitchField.json */; };
		FC412A2521C8E4CC0058453B /* RBTextField.json in Resources */ = {isa = PBXBuildFile; fileRef = FC4129F821C8E4CC0058453B /* RBTextField.json */; };
		FC412A2621C8E4CC0058453B /* RBPhotoField.json in Resources */ = {isa = PBXBuildFile; fileRef = FC4129F921C8E4CC0058453B /* RBPhotoField.json */; };
		FC412A2721C8E4CC0058453B /* RBSliderField.json in Resources */ = {isa = PBXBuildFile; fileRef = FC4129FA21C8E4CC0058453B /* RBSliderField.json */; };
		FC412A2821C8E4CC0058453B /* RBImageSelectionField.json in Resources */ = {isa = PBXBuildFile; fileRef = FC4129FB21C8E4CC0058453B /* RBImageSelectionField.json */; };
		FC412A2921C8E4CC0058453B /* RBDateTimeField.json in Resources */ = {isa = PBXBuildFile; fileRef = FC4129FC21C8E4CC0058453B /* RBDateTimeField.json */; };
		FC412A2A21C8E4CC0058453B /* RBListField.json in Resources */ = {isa = PBXBuildFile; fileRef = FC4129FD21C8E4CC0058453B /* RBListField.json */; };
		FC412A2B21C8E4CC0058453B /* RBRatingField.json in Resources */ = {isa = PBXBuildFile; fileRef = FC4129FE21C8E4CC0058453B /* RBRatingField.json */; };
		FC412A2C21C8E4CC0058453B /* RBTextViewField.json in Resources */ = {isa = PBXBuildFile; fileRef = FC4129FF21C8E4CC0058453B /* RBTextViewField.json */; };
		FC412A2D21C8E4CC0058453B /* RBMultipleChoiceField.json in Resources */ = {isa = PBXBuildFile; fileRef = FC412A0021C8E4CC0058453B /* RBMultipleChoiceField.json */; };
		FC412A2E21C8E4CC0058453B /* RBSlidingPageContainerView.json in Resources */ = {isa = PBXBuildFile; fileRef = FC412A0221C8E4CC0058453B /* RBSlidingPageContainerView.json */; };
		FC412A2F21C8E4CC0058453B /* RBSearchContainerView.json in Resources */ = {isa = PBXBuildFile; fileRef = FC412A0321C8E4CC0058453B /* RBSearchContainerView.json */; };
		FC412A3021C8E4CC0058453B /* RBTabbedPageContainerViewController.json in Resources */ = {isa = PBXBuildFile; fileRef = FC412A0421C8E4CC0058453B /* RBTabbedPageContainerViewController.json */; };
		FC412A3121C8E4CC0058453B /* RBToolbarView.json in Resources */ = {isa = PBXBuildFile; fileRef = FC412A0621C8E4CC0058453B /* RBToolbarView.json */; };
		FC412A3221C8E4CC0058453B /* RBTooltipView.json in Resources */ = {isa = PBXBuildFile; fileRef = FC412A0721C8E4CC0058453B /* RBTooltipView.json */; };
		FC412A3321C8E4CC0058453B /* RBBannerExtendView.json in Resources */ = {isa = PBXBuildFile; fileRef = FC412A0821C8E4CC0058453B /* RBBannerExtendView.json */; };
		FC412A3421C8E4CC0058453B /* RBWebViewToolbarView.json in Resources */ = {isa = PBXBuildFile; fileRef = FC412A0921C8E4CC0058453B /* RBWebViewToolbarView.json */; };
		FC412A3521C8E4CC0058453B /* RBRefreshExtendView.json in Resources */ = {isa = PBXBuildFile; fileRef = FC412A0A21C8E4CC0058453B /* RBRefreshExtendView.json */; };
		FC412A3621C8E4CC0058453B /* RBButton.json in Resources */ = {isa = PBXBuildFile; fileRef = FC412A0B21C8E4CC0058453B /* RBButton.json */; };
		FC412A3721C8E4CC0058453B /* RBActivityView.json in Resources */ = {isa = PBXBuildFile; fileRef = FC412A0C21C8E4CC0058453B /* RBActivityView.json */; };
		FC412A3821C8E4CC0058453B /* RBMenuView.json in Resources */ = {isa = PBXBuildFile; fileRef = FC412A0D21C8E4CC0058453B /* RBMenuView.json */; };
		FC412A3921C8E4CC0058453B /* RBNextPageExtendView.json in Resources */ = {isa = PBXBuildFile; fileRef = FC412A0E21C8E4CC0058453B /* RBNextPageExtendView.json */; };
		FC412A3A21C8E4CC0058453B /* RBLabel.json in Resources */ = {isa = PBXBuildFile; fileRef = FC412A0F21C8E4CC0058453B /* RBLabel.json */; };
		FC412A3B21C8E4CC0058453B /* RBToggleButton.json in Resources */ = {isa = PBXBuildFile; fileRef = FC412A1021C8E4CC0058453B /* RBToggleButton.json */; };
		FC412A3C21C8E4CC0058453B /* material-design-palette.json in Resources */ = {isa = PBXBuildFile; fileRef = FC412A1221C8E4CC0058453B /* material-design-palette.json */; };
		FC412A3D21C8E4CC0058453B /* material-design-palette.inc.json in Resources */ = {isa = PBXBuildFile; fileRef = FC412A1321C8E4CC0058453B /* material-design-palette.inc.json */; };
		FC412A3F21C8E5240058453B /* theme.inc.json in Resources */ = {isa = PBXBuildFile; fileRef = FC412A3E21C8E5240058453B /* theme.inc.json */; };
		FC43EE4521C9547F003544B8 /* Realm.framework in Frameworks */ = {isa = PBXBuildFile; fileRef = FC43EE4321C9547D003544B8 /* Realm.framework */; };
		FC43EE4621C9547F003544B8 /* RealmSwift.framework in Frameworks */ = {isa = PBXBuildFile; fileRef = FC43EE4421C9547F003544B8 /* RealmSwift.framework */; };
		FC45709F21B0010100BB9AA2 /* StringExtension.swift in Sources */ = {isa = PBXBuildFile; fileRef = FC45709E21B0010100BB9AA2 /* StringExtension.swift */; };
		FC462BFC21C8021900679DC5 /* RedBeardViewController.swift in Sources */ = {isa = PBXBuildFile; fileRef = FC462BFB21C8021900679DC5 /* RedBeardViewController.swift */; };
		FC47763621AE9D8100B571B4 /* MarvelRed.swift in Sources */ = {isa = PBXBuildFile; fileRef = FC47763521AE9D8100B571B4 /* MarvelRed.swift */; };
		FCADE4E921ADA70B002E4AA7 /* AppDelegate.swift in Sources */ = {isa = PBXBuildFile; fileRef = FCADE4E821ADA70B002E4AA7 /* AppDelegate.swift */; };
		FCADE4EC21ADA70B002E4AA7 /* Heroes_Marvel.xcdatamodeld in Sources */ = {isa = PBXBuildFile; fileRef = FCADE4EA21ADA70B002E4AA7 /* Heroes_Marvel.xcdatamodeld */; };
		FCADE4EE21ADA70B002E4AA7 /* MasterViewController.swift in Sources */ = {isa = PBXBuildFile; fileRef = FCADE4ED21ADA70B002E4AA7 /* MasterViewController.swift */; };
		FCADE4F021ADA70B002E4AA7 /* DetailViewController.swift in Sources */ = {isa = PBXBuildFile; fileRef = FCADE4EF21ADA70B002E4AA7 /* DetailViewController.swift */; };
		FCADE4F321ADA70B002E4AA7 /* Main.storyboard in Resources */ = {isa = PBXBuildFile; fileRef = FCADE4F121ADA70B002E4AA7 /* Main.storyboard */; };
		FCADE4F521ADA70F002E4AA7 /* Assets.xcassets in Resources */ = {isa = PBXBuildFile; fileRef = FCADE4F421ADA70F002E4AA7 /* Assets.xcassets */; };
		FCADE4F821ADA70F002E4AA7 /* LaunchScreen.storyboard in Resources */ = {isa = PBXBuildFile; fileRef = FCADE4F621ADA70F002E4AA7 /* LaunchScreen.storyboard */; };
		FCADE50121ADAA28002E4AA7 /* HeroeTableViewCell.swift in Sources */ = {isa = PBXBuildFile; fileRef = FCADE50021ADAA28002E4AA7 /* HeroeTableViewCell.swift */; };
		FCADE50321ADABEF002E4AA7 /* CoreDataStack.swift in Sources */ = {isa = PBXBuildFile; fileRef = FCADE50221ADABEF002E4AA7 /* CoreDataStack.swift */; };
		FCADE50721ADADF0002E4AA7 /* Heroe+CoreDataClass.swift in Sources */ = {isa = PBXBuildFile; fileRef = FCADE50521ADADF0002E4AA7 /* Heroe+CoreDataClass.swift */; };
		FCADE50821ADADF0002E4AA7 /* Heroe+CoreDataProperties.swift in Sources */ = {isa = PBXBuildFile; fileRef = FCADE50621ADADF0002E4AA7 /* Heroe+CoreDataProperties.swift */; };
		FCF906B121B52CE600BE3123 /* CharactersMarvel.swift in Sources */ = {isa = PBXBuildFile; fileRef = FCF906B021B52CE600BE3123 /* CharactersMarvel.swift */; };
/* End PBXBuildFile section */

/* Begin PBXCopyFilesBuildPhase section */
		FC41292321C8DEF30058453B /* Embed Frameworks */ = {
			isa = PBXCopyFilesBuildPhase;
			buildActionMask = 2147483647;
			dstPath = "";
			dstSubfolderSpec = 10;
			files = (
				FC41292221C8DEF30058453B /* Redbeard.framework in Embed Frameworks */,
			);
			name = "Embed Frameworks";
			runOnlyForDeploymentPostprocessing = 0;
		};
/* End PBXCopyFilesBuildPhase section */

/* Begin PBXFileReference section */
		FC1280D821C26B3100E664E7 /* Crashlytics.framework */ = {isa = PBXFileReference; lastKnownFileType = wrapper.framework; path = Crashlytics.framework; sourceTree = "<group>"; };
		FC1280D921C26B3100E664E7 /* Fabric.framework */ = {isa = PBXFileReference; lastKnownFileType = wrapper.framework; path = Fabric.framework; sourceTree = "<group>"; };
		FC41292021C8DEF30058453B /* Redbeard.framework */ = {isa = PBXFileReference; lastKnownFileType = wrapper.framework; path = Redbeard.framework; sourceTree = "<group>"; };
		FC4129E221C8E4CC0058453B /* RBButtonCellView.json */ = {isa = PBXFileReference; fileEncoding = 4; lastKnownFileType = text.json; path = RBButtonCellView.json; sourceTree = "<group>"; };
		FC4129E321C8E4CC0058453B /* RBSimpleCellView.json */ = {isa = PBXFileReference; fileEncoding = 4; lastKnownFileType = text.json; path = RBSimpleCellView.json; sourceTree = "<group>"; };
		FC4129E421C8E4CC0058453B /* RBBaseCellView.json */ = {isa = PBXFileReference; fileEncoding = 4; lastKnownFileType = text.json; path = RBBaseCellView.json; sourceTree = "<group>"; };
		FC4129E621C8E4CC0058453B /* form-common.json */ = {isa = PBXFileReference; fileEncoding = 4; lastKnownFileType = text.json; path = "form-common.json"; sourceTree = "<group>"; };
		FC4129E721C8E4CC0058453B /* RBManagedFormInputToolbar.json */ = {isa = PBXFileReference; fileEncoding = 4; lastKnownFileType = text.json; path = RBManagedFormInputToolbar.json; sourceTree = "<group>"; };
		FC4129E821C8E4CC0058453B /* RBManagedFormView.json */ = {isa = PBXFileReference; fileEncoding = 4; lastKnownFileType = text.json; path = RBManagedFormView.json; sourceTree = "<group>"; };
		FC4129EA21C8E4CC0058453B /* alert-buttons.json */ = {isa = PBXFileReference; fileEncoding = 4; lastKnownFileType = text.json; path = "alert-buttons.json"; sourceTree = "<group>"; };
		FC4129EB21C8E4CC0058453B /* toolbar-buttons.json */ = {isa = PBXFileReference; fileEncoding = 4; lastKnownFileType = text.json; path = "toolbar-buttons.json"; sourceTree = "<group>"; };
		FC4129EC21C8E4CC0058453B /* fonts.json */ = {isa = PBXFileReference; fileEncoding = 4; lastKnownFileType = text.json; path = fonts.json; sourceTree = "<group>"; };
		FC4129ED21C8E4CC0058453B /* buttons.json */ = {isa = PBXFileReference; fileEncoding = 4; lastKnownFileType = text.json; path = buttons.json; sourceTree = "<group>"; };
		FC4129EE21C8E4CC0058453B /* colors.json */ = {isa = PBXFileReference; fileEncoding = 4; lastKnownFileType = text.json; path = colors.json; sourceTree = "<group>"; };
		FC4129EF21C8E4CC0058453B /* default.inc.json */ = {isa = PBXFileReference; fileEncoding = 4; lastKnownFileType = text.json; path = default.inc.json; sourceTree = "<group>"; };
		FC4129F121C8E4CC0058453B /* RBToastAlertView.json */ = {isa = PBXFileReference; fileEncoding = 4; lastKnownFileType = text.json; path = RBToastAlertView.json; sourceTree = "<group>"; };
		FC4129F221C8E4CC0058453B /* RBFormAlertViewController.json */ = {isa = PBXFileReference; fileEncoding = 4; lastKnownFileType = text.json; path = RBFormAlertViewController.json; sourceTree = "<group>"; };
		FC4129F321C8E4CC0058453B /* RBAlertViewController.json */ = {isa = PBXFileReference; fileEncoding = 4; lastKnownFileType = text.json; path = RBAlertViewController.json; sourceTree = "<group>"; };
		FC4129F521C8E4CC0058453B /* RBPageViewController.json */ = {isa = PBXFileReference; fileEncoding = 4; lastKnownFileType = text.json; path = RBPageViewController.json; sourceTree = "<group>"; };
		FC4129F721C8E4CC0058453B /* RBSwitchField.json */ = {isa = PBXFileReference; fileEncoding = 4; lastKnownFileType = text.json; path = RBSwitchField.json; sourceTree = "<group>"; };
		FC4129F821C8E4CC0058453B /* RBTextField.json */ = {isa = PBXFileReference; fileEncoding = 4; lastKnownFileType = text.json; path = RBTextField.json; sourceTree = "<group>"; };
		FC4129F921C8E4CC0058453B /* RBPhotoField.json */ = {isa = PBXFileReference; fileEncoding = 4; lastKnownFileType = text.json; path = RBPhotoField.json; sourceTree = "<group>"; };
		FC4129FA21C8E4CC0058453B /* RBSliderField.json */ = {isa = PBXFileReference; fileEncoding = 4; lastKnownFileType = text.json; path = RBSliderField.json; sourceTree = "<group>"; };
		FC4129FB21C8E4CC0058453B /* RBImageSelectionField.json */ = {isa = PBXFileReference; fileEncoding = 4; lastKnownFileType = text.json; path = RBImageSelectionField.json; sourceTree = "<group>"; };
		FC4129FC21C8E4CC0058453B /* RBDateTimeField.json */ = {isa = PBXFileReference; fileEncoding = 4; lastKnownFileType = text.json; path = RBDateTimeField.json; sourceTree = "<group>"; };
		FC4129FD21C8E4CC0058453B /* RBListField.json */ = {isa = PBXFileReference; fileEncoding = 4; lastKnownFileType = text.json; path = RBListField.json; sourceTree = "<group>"; };
		FC4129FE21C8E4CC0058453B /* RBRatingField.json */ = {isa = PBXFileReference; fileEncoding = 4; lastKnownFileType = text.json; path = RBRatingField.json; sourceTree = "<group>"; };
		FC4129FF21C8E4CC0058453B /* RBTextViewField.json */ = {isa = PBXFileReference; fileEncoding = 4; lastKnownFileType = text.json; path = RBTextViewField.json; sourceTree = "<group>"; };
		FC412A0021C8E4CC0058453B /* RBMultipleChoiceField.json */ = {isa = PBXFileReference; fileEncoding = 4; lastKnownFileType = text.json; path = RBMultipleChoiceField.json; sourceTree = "<group>"; };
		FC412A0221C8E4CC0058453B /* RBSlidingPageContainerView.json */ = {isa = PBXFileReference; fileEncoding = 4; lastKnownFileType = text.json; path = RBSlidingPageContainerView.json; sourceTree = "<group>"; };
		FC412A0321C8E4CC0058453B /* RBSearchContainerView.json */ = {isa = PBXFileReference; fileEncoding = 4; lastKnownFileType = text.json; path = RBSearchContainerView.json; sourceTree = "<group>"; };
		FC412A0421C8E4CC0058453B /* RBTabbedPageContainerViewController.json */ = {isa = PBXFileReference; fileEncoding = 4; lastKnownFileType = text.json; path = RBTabbedPageContainerViewController.json; sourceTree = "<group>"; };
		FC412A0621C8E4CC0058453B /* RBToolbarView.json */ = {isa = PBXFileReference; fileEncoding = 4; lastKnownFileType = text.json; path = RBToolbarView.json; sourceTree = "<group>"; };
		FC412A0721C8E4CC0058453B /* RBTooltipView.json */ = {isa = PBXFileReference; fileEncoding = 4; lastKnownFileType = text.json; path = RBTooltipView.json; sourceTree = "<group>"; };
		FC412A0821C8E4CC0058453B /* RBBannerExtendView.json */ = {isa = PBXFileReference; fileEncoding = 4; lastKnownFileType = text.json; path = RBBannerExtendView.json; sourceTree = "<group>"; };
		FC412A0921C8E4CC0058453B /* RBWebViewToolbarView.json */ = {isa = PBXFileReference; fileEncoding = 4; lastKnownFileType = text.json; path = RBWebViewToolbarView.json; sourceTree = "<group>"; };
		FC412A0A21C8E4CC0058453B /* RBRefreshExtendView.json */ = {isa = PBXFileReference; fileEncoding = 4; lastKnownFileType = text.json; path = RBRefreshExtendView.json; sourceTree = "<group>"; };
		FC412A0B21C8E4CC0058453B /* RBButton.json */ = {isa = PBXFileReference; fileEncoding = 4; lastKnownFileType = text.json; path = RBButton.json; sourceTree = "<group>"; };
		FC412A0C21C8E4CC0058453B /* RBActivityView.json */ = {isa = PBXFileReference; fileEncoding = 4; lastKnownFileType = text.json; path = RBActivityView.json; sourceTree = "<group>"; };
		FC412A0D21C8E4CC0058453B /* RBMenuView.json */ = {isa = PBXFileReference; fileEncoding = 4; lastKnownFileType = text.json; path = RBMenuView.json; sourceTree = "<group>"; };
		FC412A0E21C8E4CC0058453B /* RBNextPageExtendView.json */ = {isa = PBXFileReference; fileEncoding = 4; lastKnownFileType = text.json; path = RBNextPageExtendView.json; sourceTree = "<group>"; };
		FC412A0F21C8E4CC0058453B /* RBLabel.json */ = {isa = PBXFileReference; fileEncoding = 4; lastKnownFileType = text.json; path = RBLabel.json; sourceTree = "<group>"; };
		FC412A1021C8E4CC0058453B /* RBToggleButton.json */ = {isa = PBXFileReference; fileEncoding = 4; lastKnownFileType = text.json; path = RBToggleButton.json; sourceTree = "<group>"; };
		FC412A1221C8E4CC0058453B /* material-design-palette.json */ = {isa = PBXFileReference; fileEncoding = 4; lastKnownFileType = text.json; path = "material-design-palette.json"; sourceTree = "<group>"; };
		FC412A1321C8E4CC0058453B /* material-design-palette.inc.json */ = {isa = PBXFileReference; fileEncoding = 4; lastKnownFileType = text.json; path = "material-design-palette.inc.json"; sourceTree = "<group>"; };
		FC412A3E21C8E5240058453B /* theme.inc.json */ = {isa = PBXFileReference; lastKnownFileType = text.json; path = theme.inc.json; sourceTree = "<group>"; };
		FC43EE4321C9547D003544B8 /* Realm.framework */ = {isa = PBXFileReference; lastKnownFileType = wrapper.framework; path = Realm.framework; sourceTree = "<group>"; };
		FC43EE4421C9547F003544B8 /* RealmSwift.framework */ = {isa = PBXFileReference; lastKnownFileType = wrapper.framework; path = RealmSwift.framework; sourceTree = "<group>"; };
		FC45709E21B0010100BB9AA2 /* StringExtension.swift */ = {isa = PBXFileReference; lastKnownFileType = sourcecode.swift; path = StringExtension.swift; sourceTree = "<group>"; };
		FC462BFB21C8021900679DC5 /* RedBeardViewController.swift */ = {isa = PBXFileReference; lastKnownFileType = sourcecode.swift; path = RedBeardViewController.swift; sourceTree = "<group>"; };
		FC47763521AE9D8100B571B4 /* MarvelRed.swift */ = {isa = PBXFileReference; lastKnownFileType = sourcecode.swift; path = MarvelRed.swift; sourceTree = "<group>"; };
		FCADE4E521ADA70B002E4AA7 /* Heroes Marvel.app */ = {isa = PBXFileReference; explicitFileType = wrapper.application; includeInIndex = 0; path = "Heroes Marvel.app"; sourceTree = BUILT_PRODUCTS_DIR; };
		FCADE4E821ADA70B002E4AA7 /* AppDelegate.swift */ = {isa = PBXFileReference; lastKnownFileType = sourcecode.swift; path = AppDelegate.swift; sourceTree = "<group>"; };
		FCADE4EB21ADA70B002E4AA7 /* Heroes_Marvel.xcdatamodel */ = {isa = PBXFileReference; lastKnownFileType = wrapper.xcdatamodel; path = Heroes_Marvel.xcdatamodel; sourceTree = "<group>"; };
		FCADE4ED21ADA70B002E4AA7 /* MasterViewController.swift */ = {isa = PBXFileReference; lastKnownFileType = sourcecode.swift; path = MasterViewController.swift; sourceTree = "<group>"; };
		FCADE4EF21ADA70B002E4AA7 /* DetailViewController.swift */ = {isa = PBXFileReference; lastKnownFileType = sourcecode.swift; path = DetailViewController.swift; sourceTree = "<group>"; };
		FCADE4F221ADA70B002E4AA7 /* Base */ = {isa = PBXFileReference; lastKnownFileType = file.storyboard; name = Base; path = Base.lproj/Main.storyboard; sourceTree = "<group>"; };
		FCADE4F421ADA70F002E4AA7 /* Assets.xcassets */ = {isa = PBXFileReference; lastKnownFileType = folder.assetcatalog; path = Assets.xcassets; sourceTree = "<group>"; };
		FCADE4F721ADA70F002E4AA7 /* Base */ = {isa = PBXFileReference; lastKnownFileType = file.storyboard; name = Base; path = Base.lproj/LaunchScreen.storyboard; sourceTree = "<group>"; };
		FCADE4F921ADA70F002E4AA7 /* Info.plist */ = {isa = PBXFileReference; lastKnownFileType = text.plist.xml; path = Info.plist; sourceTree = "<group>"; };
		FCADE50021ADAA28002E4AA7 /* HeroeTableViewCell.swift */ = {isa = PBXFileReference; lastKnownFileType = sourcecode.swift; path = HeroeTableViewCell.swift; sourceTree = "<group>"; };
		FCADE50221ADABEF002E4AA7 /* CoreDataStack.swift */ = {isa = PBXFileReference; lastKnownFileType = sourcecode.swift; path = CoreDataStack.swift; sourceTree = "<group>"; };
		FCADE50521ADADF0002E4AA7 /* Heroe+CoreDataClass.swift */ = {isa = PBXFileReference; lastKnownFileType = sourcecode.swift; path = "Heroe+CoreDataClass.swift"; sourceTree = "<group>"; };
		FCADE50621ADADF0002E4AA7 /* Heroe+CoreDataProperties.swift */ = {isa = PBXFileReference; lastKnownFileType = sourcecode.swift; path = "Heroe+CoreDataProperties.swift"; sourceTree = "<group>"; };
		FCF906B021B52CE600BE3123 /* CharactersMarvel.swift */ = {isa = PBXFileReference; lastKnownFileType = sourcecode.swift; path = CharactersMarvel.swift; sourceTree = "<group>"; };
/* End PBXFileReference section */

/* Begin PBXFrameworksBuildPhase section */
		FCADE4E221ADA70B002E4AA7 /* Frameworks */ = {
			isa = PBXFrameworksBuildPhase;
			buildActionMask = 2147483647;
			files = (
				FC43EE4521C9547F003544B8 /* Realm.framework in Frameworks */,
				FC1280DA21C26B3200E664E7 /* Crashlytics.framework in Frameworks */,
				FC43EE4621C9547F003544B8 /* RealmSwift.framework in Frameworks */,
				FC1280DB21C26B3200E664E7 /* Fabric.framework in Frameworks */,
			);
			runOnlyForDeploymentPostprocessing = 0;
		};
/* End PBXFrameworksBuildPhase section */

/* Begin PBXGroup section */
		FC4129E021C8E4CC0058453B /* default */ = {
			isa = PBXGroup;
			children = (
				FC4129E121C8E4CC0058453B /* cells */,
				FC4129E521C8E4CC0058453B /* forms */,
				FC4129E921C8E4CC0058453B /* core */,
				FC4129EF21C8E4CC0058453B /* default.inc.json */,
				FC4129F021C8E4CC0058453B /* alerts */,
				FC4129F421C8E4CC0058453B /* viewcontrollers */,
				FC4129F621C8E4CC0058453B /* fields */,
				FC412A0121C8E4CC0058453B /* containers */,
				FC412A0521C8E4CC0058453B /* views */,
				FC412A1121C8E4CC0058453B /* palette */,
			);
			name = default;
			path = ../../../../Downloads/v1.2/default;
			sourceTree = "<group>";
		};
		FC4129E121C8E4CC0058453B /* cells */ = {
			isa = PBXGroup;
			children = (
				FC4129E221C8E4CC0058453B /* RBButtonCellView.json */,
				FC4129E321C8E4CC0058453B /* RBSimpleCellView.json */,
				FC4129E421C8E4CC0058453B /* RBBaseCellView.json */,
			);
			path = cells;
			sourceTree = "<group>";
		};
		FC4129E521C8E4CC0058453B /* forms */ = {
			isa = PBXGroup;
			children = (
				FC4129E621C8E4CC0058453B /* form-common.json */,
				FC4129E721C8E4CC0058453B /* RBManagedFormInputToolbar.json */,
				FC4129E821C8E4CC0058453B /* RBManagedFormView.json */,
			);
			path = forms;
			sourceTree = "<group>";
		};
		FC4129E921C8E4CC0058453B /* core */ = {
			isa = PBXGroup;
			children = (
				FC4129EA21C8E4CC0058453B /* alert-buttons.json */,
				FC4129EB21C8E4CC0058453B /* toolbar-buttons.json */,
				FC4129EC21C8E4CC0058453B /* fonts.json */,
				FC4129ED21C8E4CC0058453B /* buttons.json */,
				FC4129EE21C8E4CC0058453B /* colors.json */,
			);
			path = core;
			sourceTree = "<group>";
		};
		FC4129F021C8E4CC0058453B /* alerts */ = {
			isa = PBXGroup;
			children = (
				FC4129F121C8E4CC0058453B /* RBToastAlertView.json */,
				FC4129F221C8E4CC0058453B /* RBFormAlertViewController.json */,
				FC4129F321C8E4CC0058453B /* RBAlertViewController.json */,
			);
			path = alerts;
			sourceTree = "<group>";
		};
		FC4129F421C8E4CC0058453B /* viewcontrollers */ = {
			isa = PBXGroup;
			children = (
				FC4129F521C8E4CC0058453B /* RBPageViewController.json */,
			);
			path = viewcontrollers;
			sourceTree = "<group>";
		};
		FC4129F621C8E4CC0058453B /* fields */ = {
			isa = PBXGroup;
			children = (
				FC4129F721C8E4CC0058453B /* RBSwitchField.json */,
				FC4129F821C8E4CC0058453B /* RBTextField.json */,
				FC4129F921C8E4CC0058453B /* RBPhotoField.json */,
				FC4129FA21C8E4CC0058453B /* RBSliderField.json */,
				FC4129FB21C8E4CC0058453B /* RBImageSelectionField.json */,
				FC4129FC21C8E4CC0058453B /* RBDateTimeField.json */,
				FC4129FD21C8E4CC0058453B /* RBListField.json */,
				FC4129FE21C8E4CC0058453B /* RBRatingField.json */,
				FC4129FF21C8E4CC0058453B /* RBTextViewField.json */,
				FC412A0021C8E4CC0058453B /* RBMultipleChoiceField.json */,
			);
			path = fields;
			sourceTree = "<group>";
		};
		FC412A0121C8E4CC0058453B /* containers */ = {
			isa = PBXGroup;
			children = (
				FC412A0221C8E4CC0058453B /* RBSlidingPageContainerView.json */,
				FC412A0321C8E4CC0058453B /* RBSearchContainerView.json */,
				FC412A0421C8E4CC0058453B /* RBTabbedPageContainerViewController.json */,
			);
			path = containers;
			sourceTree = "<group>";
		};
		FC412A0521C8E4CC0058453B /* views */ = {
			isa = PBXGroup;
			children = (
				FC412A0621C8E4CC0058453B /* RBToolbarView.json */,
				FC412A0721C8E4CC0058453B /* RBTooltipView.json */,
				FC412A0821C8E4CC0058453B /* RBBannerExtendView.json */,
				FC412A0921C8E4CC0058453B /* RBWebViewToolbarView.json */,
				FC412A0A21C8E4CC0058453B /* RBRefreshExtendView.json */,
				FC412A0B21C8E4CC0058453B /* RBButton.json */,
				FC412A0C21C8E4CC0058453B /* RBActivityView.json */,
				FC412A0D21C8E4CC0058453B /* RBMenuView.json */,
				FC412A0E21C8E4CC0058453B /* RBNextPageExtendView.json */,
				FC412A0F21C8E4CC0058453B /* RBLabel.json */,
				FC412A1021C8E4CC0058453B /* RBToggleButton.json */,
			);
			path = views;
			sourceTree = "<group>";
		};
		FC412A1121C8E4CC0058453B /* palette */ = {
			isa = PBXGroup;
			children = (
				FC412A1221C8E4CC0058453B /* material-design-palette.json */,
				FC412A1321C8E4CC0058453B /* material-design-palette.inc.json */,
			);
			path = palette;
			sourceTree = "<group>";
		};
		FC4570A021B001D300BB9AA2 /* ModeloDatos */ = {
			isa = PBXGroup;
			children = (
				FCADE4EA21ADA70B002E4AA7 /* Heroes_Marvel.xcdatamodeld */,
			);
			path = ModeloDatos;
			sourceTree = "<group>";
		};
		FC4570A121B0027800BB9AA2 /* Red */ = {
			isa = PBXGroup;
			children = (
				FC47763521AE9D8100B571B4 /* MarvelRed.swift */,
			);
			path = Red;
			sourceTree = "<group>";
		};
		FC4570A221B0028C00BB9AA2 /* Util */ = {
			isa = PBXGroup;
			children = (
				FC45709E21B0010100BB9AA2 /* StringExtension.swift */,
			);
			path = Util;
			sourceTree = "<group>";
		};
		FC47763421AE8EFD00B571B4 /* View */ = {
			isa = PBXGroup;
			children = (
				FCADE4F121ADA70B002E4AA7 /* Main.storyboard */,
				FCADE4F621ADA70F002E4AA7 /* LaunchScreen.storyboard */,
			);
			path = View;
			sourceTree = "<group>";
		};
		FCADE4DC21ADA70B002E4AA7 = {
			isa = PBXGroup;
			children = (
				FC43EE4321C9547D003544B8 /* Realm.framework */,
				FC43EE4421C9547F003544B8 /* RealmSwift.framework */,
				FC41292021C8DEF30058453B /* Redbeard.framework */,
				FC1280D821C26B3100E664E7 /* Crashlytics.framework */,
				FC1280D921C26B3100E664E7 /* Fabric.framework */,
				FCADE4E721ADA70B002E4AA7 /* Heroes Marvel */,
				FCADE4E621ADA70B002E4AA7 /* Products */,
			);
			sourceTree = "<group>";
		};
		FCADE4E621ADA70B002E4AA7 /* Products */ = {
			isa = PBXGroup;
			children = (
				FCADE4E521ADA70B002E4AA7 /* Heroes Marvel.app */,
			);
			name = Products;
			sourceTree = "<group>";
		};
		FCADE4E721ADA70B002E4AA7 /* Heroes Marvel */ = {
			isa = PBXGroup;
			children = (
				FC4129E021C8E4CC0058453B /* default */,
				FC4570A221B0028C00BB9AA2 /* Util */,
				FC4570A121B0027800BB9AA2 /* Red */,
				FC4570A021B001D300BB9AA2 /* ModeloDatos */,
				FC47763421AE8EFD00B571B4 /* View */,
				FCADE4FF21ADA7ED002E4AA7 /* Modelo */,
				FCADE50421ADADBF002E4AA7 /* ViewModel */,
				FCADE4E821ADA70B002E4AA7 /* AppDelegate.swift */,
				FCADE4F421ADA70F002E4AA7 /* Assets.xcassets */,
				FCADE4F921ADA70F002E4AA7 /* Info.plist */,
				FCADE50221ADABEF002E4AA7 /* CoreDataStack.swift */,
				FC412A3E21C8E5240058453B /* theme.inc.json */,
			);
			path = "Heroes Marvel";
			sourceTree = "<group>";
		};
		FCADE4FF21ADA7ED002E4AA7 /* Modelo */ = {
			isa = PBXGroup;
			children = (
				FCADE50521ADADF0002E4AA7 /* Heroe+CoreDataClass.swift */,
				FCADE50621ADADF0002E4AA7 /* Heroe+CoreDataProperties.swift */,
				FCF906B021B52CE600BE3123 /* CharactersMarvel.swift */,
			);
			path = Modelo;
			sourceTree = "<group>";
		};
		FCADE50421ADADBF002E4AA7 /* ViewModel */ = {
			isa = PBXGroup;
			children = (
				FC462BFB21C8021900679DC5 /* RedBeardViewController.swift */,
				FCADE4ED21ADA70B002E4AA7 /* MasterViewController.swift */,
				FCADE50021ADAA28002E4AA7 /* HeroeTableViewCell.swift */,
				FCADE4EF21ADA70B002E4AA7 /* DetailViewController.swift */,
			);
			path = ViewModel;
			sourceTree = "<group>";
		};
/* End PBXGroup section */

/* Begin PBXNativeTarget section */
		FCADE4E421ADA70B002E4AA7 /* Heroes Marvel */ = {
			isa = PBXNativeTarget;
			buildConfigurationList = FCADE4FC21ADA70F002E4AA7 /* Build configuration list for PBXNativeTarget "Heroes Marvel" */;
			buildPhases = (
				FCADE4E121ADA70B002E4AA7 /* Sources */,
				FCADE4E221ADA70B002E4AA7 /* Frameworks */,
				FCADE4E321ADA70B002E4AA7 /* Resources */,
				FC1280DC21C26C6900E664E7 /* Run Script */,
				FC41291F21C8DE840058453B /* ShellScript */,
				FC41292321C8DEF30058453B /* Embed Frameworks */,
			);
			buildRules = (
			);
			dependencies = (
			);
			name = "Heroes Marvel";
			productName = "Heroes Marvel";
			productReference = FCADE4E521ADA70B002E4AA7 /* Heroes Marvel.app */;
			productType = "com.apple.product-type.application";
		};
/* End PBXNativeTarget section */

/* Begin PBXProject section */
		FCADE4DD21ADA70B002E4AA7 /* Project object */ = {
			isa = PBXProject;
			attributes = {
				LastSwiftUpdateCheck = 1010;
				LastUpgradeCheck = 1010;
				ORGANIZATIONNAME = "Alsis GHE";
				TargetAttributes = {
					FCADE4E421ADA70B002E4AA7 = {
						CreatedOnToolsVersion = 10.1;
					};
				};
			};
			buildConfigurationList = FCADE4E021ADA70B002E4AA7 /* Build configuration list for PBXProject "Heroes Marvel" */;
			compatibilityVersion = "Xcode 10.0";
			developmentRegion = en;
			hasScannedForEncodings = 0;
			knownRegions = (
				en,
				Base,
			);
			mainGroup = FCADE4DC21ADA70B002E4AA7;
			productRefGroup = FCADE4E621ADA70B002E4AA7 /* Products */;
			projectDirPath = "";
			projectRoot = "";
			targets = (
				FCADE4E421ADA70B002E4AA7 /* Heroes Marvel */,
			);
		};
/* End PBXProject section */

/* Begin PBXResourcesBuildPhase section */
		FCADE4E321ADA70B002E4AA7 /* Resources */ = {
			isa = PBXResourcesBuildPhase;
			buildActionMask = 2147483647;
			files = (
				FC412A3B21C8E4CC0058453B /* RBToggleButton.json in Resources */,
				FC412A3421C8E4CC0058453B /* RBWebViewToolbarView.json in Resources */,
				FC412A2C21C8E4CC0058453B /* RBTextViewField.json in Resources */,
				FC412A2421C8E4CC0058453B /* RBSwitchField.json in Resources */,
				FC412A3821C8E4CC0058453B /* RBMenuView.json in Resources */,
				FC412A1C21C8E4CC0058453B /* fonts.json in Resources */,
				FC412A3D21C8E4CC0058453B /* material-design-palette.inc.json in Resources */,
				FC412A2521C8E4CC0058453B /* RBTextField.json in Resources */,
				FC412A2821C8E4CC0058453B /* RBImageSelectionField.json in Resources */,
				FC412A3521C8E4CC0058453B /* RBRefreshExtendView.json in Resources */,
				FC412A3021C8E4CC0058453B /* RBTabbedPageContainerViewController.json in Resources */,
				FC412A2B21C8E4CC0058453B /* RBRatingField.json in Resources */,
				FC412A1A21C8E4CC0058453B /* alert-buttons.json in Resources */,
				FC412A1521C8E4CC0058453B /* RBSimpleCellView.json in Resources */,
				FC412A3321C8E4CC0058453B /* RBBannerExtendView.json in Resources */,
				FC412A1721C8E4CC0058453B /* form-common.json in Resources */,
				FC412A1621C8E4CC0058453B /* RBBaseCellView.json in Resources */,
				FC412A2E21C8E4CC0058453B /* RBSlidingPageContainerView.json in Resources */,
				FC412A2D21C8E4CC0058453B /* RBMultipleChoiceField.json in Resources */,
				FC412A2A21C8E4CC0058453B /* RBListField.json in Resources */,
				FC412A3221C8E4CC0058453B /* RBTooltipView.json in Resources */,
				FC412A1D21C8E4CC0058453B /* buttons.json in Resources */,
				FC412A2F21C8E4CC0058453B /* RBSearchContainerView.json in Resources */,
				FC412A3721C8E4CC0058453B /* RBActivityView.json in Resources */,
				FC412A2921C8E4CC0058453B /* RBDateTimeField.json in Resources */,
				FC412A1421C8E4CC0058453B /* RBButtonCellView.json in Resources */,
				FC412A3921C8E4CC0058453B /* RBNextPageExtendView.json in Resources */,
				FC412A3C21C8E4CC0058453B /* material-design-palette.json in Resources */,
				FC412A2321C8E4CC0058453B /* RBPageViewController.json in Resources */,
				FC412A1E21C8E4CC0058453B /* colors.json in Resources */,
				FC412A1B21C8E4CC0058453B /* toolbar-buttons.json in Resources */,
				FC412A3F21C8E5240058453B /* theme.inc.json in Resources */,
				FCADE4F821ADA70F002E4AA7 /* LaunchScreen.storyboard in Resources */,
				FCADE4F521ADA70F002E4AA7 /* Assets.xcassets in Resources */,
				FC412A2121C8E4CC0058453B /* RBFormAlertViewController.json in Resources */,
				FC412A3121C8E4CC0058453B /* RBToolbarView.json in Resources */,
				FC412A2721C8E4CC0058453B /* RBSliderField.json in Resources */,
				FC412A1821C8E4CC0058453B /* RBManagedFormInputToolbar.json in Resources */,
				FC412A3A21C8E4CC0058453B /* RBLabel.json in Resources */,
				FC412A3621C8E4CC0058453B /* RBButton.json in Resources */,
				FC412A1921C8E4CC0058453B /* RBManagedFormView.json in Resources */,
				FC412A1F21C8E4CC0058453B /* default.inc.json in Resources */,
				FCADE4F321ADA70B002E4AA7 /* Main.storyboard in Resources */,
				FC412A2621C8E4CC0058453B /* RBPhotoField.json in Resources */,
				FC412A2021C8E4CC0058453B /* RBToastAlertView.json in Resources */,
				FC412A2221C8E4CC0058453B /* RBAlertViewController.json in Resources */,
			);
			runOnlyForDeploymentPostprocessing = 0;
		};
/* End PBXResourcesBuildPhase section */

/* Begin PBXShellScriptBuildPhase section */
		FC1280DC21C26C6900E664E7 /* Run Script */ = {
			isa = PBXShellScriptBuildPhase;
			buildActionMask = 2147483647;
			files = (
			);
			inputFileListPaths = (
			);
			inputPaths = (
			);
			name = "Run Script";
			outputFileListPaths = (
			);
			outputPaths = (
			);
			runOnlyForDeploymentPostprocessing = 0;
			shellPath = /bin/sh;
			shellScript = "\"${PROJECT_DIR}/Fabric.framework/run\" b6233cbf3ad0c3e1c35cd828c8591a15e0f401e3 3ec15750e6fce8c34105ccc5ebe4475384ff5684e7de4c7b7d1074f276b24a0d\n";
		};
		FC41291F21C8DE840058453B /* ShellScript */ = {
			isa = PBXShellScriptBuildPhase;
			buildActionMask = 2147483647;
			files = (
			);
			inputFileListPaths = (
			);
			inputPaths = (
			);
			outputFileListPaths = (
			);
			outputPaths = (
			);
			runOnlyForDeploymentPostprocessing = 0;
			shellPath = /bin/sh;
			shellScript = "
";
		};
/* End PBXShellScriptBuildPhase section */

/* Begin PBXSourcesBuildPhase section */
		FCADE4E121ADA70B002E4AA7 /* Sources */ = {
			isa = PBXSourcesBuildPhase;
			buildActionMask = 2147483647;
			files = (
				FCADE4EC21ADA70B002E4AA7 /* Heroes_Marvel.xcdatamodeld in Sources */,
				FCADE4E921ADA70B002E4AA7 /* AppDelegate.swift in Sources */,
				FC45709F21B0010100BB9AA2 /* StringExtension.swift in Sources */,
				FCADE50721ADADF0002E4AA7 /* Heroe+CoreDataClass.swift in Sources */,
				FC47763621AE9D8100B571B4 /* MarvelRed.swift in Sources */,
				FCADE4EE21ADA70B002E4AA7 /* MasterViewController.swift in Sources */,
				FCADE50321ADABEF002E4AA7 /* CoreDataStack.swift in Sources */,
				FC462BFC21C8021900679DC5 /* RedBeardViewController.swift in Sources */,
				FCADE4F021ADA70B002E4AA7 /* DetailViewController.swift in Sources */,
				FCF906B121B52CE600BE3123 /* CharactersMarvel.swift in Sources */,
				FCADE50121ADAA28002E4AA7 /* HeroeTableViewCell.swift in Sources */,
				FCADE50821ADADF0002E4AA7 /* Heroe+CoreDataProperties.swift in Sources */,
			);
			runOnlyForDeploymentPostprocessing = 0;
		};
/* End PBXSourcesBuildPhase section */

/* Begin PBXVariantGroup section */
		FCADE4F121ADA70B002E4AA7 /* Main.storyboard */ = {
			isa = PBXVariantGroup;
			children = (
				FCADE4F221ADA70B002E4AA7 /* Base */,
			);
			name = Main.storyboard;
			sourceTree = "<group>";
		};
		FCADE4F621ADA70F002E4AA7 /* LaunchScreen.storyboard */ = {
			isa = PBXVariantGroup;
			children = (
				FCADE4F721ADA70F002E4AA7 /* Base */,
			);
			name = LaunchScreen.storyboard;
			sourceTree = "<group>";
		};
/* End PBXVariantGroup section */

/* Begin XCBuildConfiguration section */
		FCADE4FA21ADA70F002E4AA7 /* Debug */ = {
			isa = XCBuildConfiguration;
			buildSettings = {
				ALWAYS_SEARCH_USER_PATHS = NO;
				CLANG_ANALYZER_NONNULL = YES;
				CLANG_ANALYZER_NUMBER_OBJECT_CONVERSION = YES_AGGRESSIVE;
				CLANG_CXX_LANGUAGE_STANDARD = "gnu++14";
				CLANG_CXX_LIBRARY = "libc++";
				CLANG_ENABLE_MODULES = YES;
				CLANG_ENABLE_OBJC_ARC = YES;
				CLANG_ENABLE_OBJC_WEAK = YES;
				CLANG_WARN_BLOCK_CAPTURE_AUTORELEASING = YES;
				CLANG_WARN_BOOL_CONVERSION = YES;
				CLANG_WARN_COMMA = YES;
				CLANG_WARN_CONSTANT_CONVERSION = YES;
				CLANG_WARN_DEPRECATED_OBJC_IMPLEMENTATIONS = YES;
				CLANG_WARN_DIRECT_OBJC_ISA_USAGE = YES_ERROR;
				CLANG_WARN_DOCUMENTATION_COMMENTS = YES;
				CLANG_WARN_EMPTY_BODY = YES;
				CLANG_WARN_ENUM_CONVERSION = YES;
				CLANG_WARN_INFINITE_RECURSION = YES;
				CLANG_WARN_INT_CONVERSION = YES;
				CLANG_WARN_NON_LITERAL_NULL_CONVERSION = YES;
				CLANG_WARN_OBJC_IMPLICIT_RETAIN_SELF = YES;
				CLANG_WARN_OBJC_LITERAL_CONVERSION = YES;
				CLANG_WARN_OBJC_ROOT_CLASS = YES_ERROR;
				CLANG_WARN_RANGE_LOOP_ANALYSIS = YES;
				CLANG_WARN_STRICT_PROTOTYPES = YES;
				CLANG_WARN_SUSPICIOUS_MOVE = YES;
				CLANG_WARN_UNGUARDED_AVAILABILITY = YES_AGGRESSIVE;
				CLANG_WARN_UNREACHABLE_CODE = YES;
				CLANG_WARN__DUPLICATE_METHOD_MATCH = YES;
				CODE_SIGN_IDENTITY = "iPhone Developer";
				COPY_PHASE_STRIP = NO;
				DEBUG_INFORMATION_FORMAT = dwarf;
				ENABLE_STRICT_OBJC_MSGSEND = YES;
				ENABLE_TESTABILITY = YES;
				GCC_C_LANGUAGE_STANDARD = gnu11;
				GCC_DYNAMIC_NO_PIC = NO;
				GCC_NO_COMMON_BLOCKS = YES;
				GCC_OPTIMIZATION_LEVEL = 0;
				GCC_PREPROCESSOR_DEFINITIONS = (
					"DEBUG=1",
					"$(inherited)",
				);
				GCC_WARN_64_TO_32_BIT_CONVERSION = YES;
				GCC_WARN_ABOUT_RETURN_TYPE = YES_ERROR;
				GCC_WARN_UNDECLARED_SELECTOR = YES;
				GCC_WARN_UNINITIALIZED_AUTOS = YES_AGGRESSIVE;
				GCC_WARN_UNUSED_FUNCTION = YES;
				GCC_WARN_UNUSED_VARIABLE = YES;
				IPHONEOS_DEPLOYMENT_TARGET = 12.1;
				MTL_ENABLE_DEBUG_INFO = INCLUDE_SOURCE;
				MTL_FAST_MATH = YES;
				ONLY_ACTIVE_ARCH = YES;
				SDKROOT = iphoneos;
				SWIFT_ACTIVE_COMPILATION_CONDITIONS = DEBUG;
				SWIFT_OPTIMIZATION_LEVEL = "-Onone";
			};
			name = Debug;
		};
		FCADE4FB21ADA70F002E4AA7 /* Release */ = {
			isa = XCBuildConfiguration;
			buildSettings = {
				ALWAYS_SEARCH_USER_PATHS = NO;
				CLANG_ANALYZER_NONNULL = YES;
				CLANG_ANALYZER_NUMBER_OBJECT_CONVERSION = YES_AGGRESSIVE;
				CLANG_CXX_LANGUAGE_STANDARD = "gnu++14";
				CLANG_CXX_LIBRARY = "libc++";
				CLANG_ENABLE_MODULES = YES;
				CLANG_ENABLE_OBJC_ARC = YES;
				CLANG_ENABLE_OBJC_WEAK = YES;
				CLANG_WARN_BLOCK_CAPTURE_AUTORELEASING = YES;
				CLANG_WARN_BOOL_CONVERSION = YES;
				CLANG_WARN_COMMA = YES;
				CLANG_WARN_CONSTANT_CONVERSION = YES;
				CLANG_WARN_DEPRECATED_OBJC_IMPLEMENTATIONS = YES;
				CLANG_WARN_DIRECT_OBJC_ISA_USAGE = YES_ERROR;
				CLANG_WARN_DOCUMENTATION_COMMENTS = YES;
				CLANG_WARN_EMPTY_BODY = YES;
				CLANG_WARN_ENUM_CONVERSION = YES;
				CLANG_WARN_INFINITE_RECURSION = YES;
				CLANG_WARN_INT_CONVERSION = YES;
				CLANG_WARN_NON_LITERAL_NULL_CONVERSION = YES;
				CLANG_WARN_OBJC_IMPLICIT_RETAIN_SELF = YES;
				CLANG_WARN_OBJC_LITERAL_CONVERSION = YES;
				CLANG_WARN_OBJC_ROOT_CLASS = YES_ERROR;
				CLANG_WARN_RANGE_LOOP_ANALYSIS = YES;
				CLANG_WARN_STRICT_PROTOTYPES = YES;
				CLANG_WARN_SUSPICIOUS_MOVE = YES;
				CLANG_WARN_UNGUARDED_AVAILABILITY = YES_AGGRESSIVE;
				CLANG_WARN_UNREACHABLE_CODE = YES;
				CLANG_WARN__DUPLICATE_METHOD_MATCH = YES;
				CODE_SIGN_IDENTITY = "iPhone Developer";
				COPY_PHASE_STRIP = NO;
				DEBUG_INFORMATION_FORMAT = "dwarf-with-dsym";
				ENABLE_NS_ASSERTIONS = NO;
				ENABLE_STRICT_OBJC_MSGSEND = YES;
				GCC_C_LANGUAGE_STANDARD = gnu11;
				GCC_NO_COMMON_BLOCKS = YES;
				GCC_WARN_64_TO_32_BIT_CONVERSION = YES;
				GCC_WARN_ABOUT_RETURN_TYPE = YES_ERROR;
				GCC_WARN_UNDECLARED_SELECTOR = YES;
				GCC_WARN_UNINITIALIZED_AUTOS = YES_AGGRESSIVE;
				GCC_WARN_UNUSED_FUNCTION = YES;
				GCC_WARN_UNUSED_VARIABLE = YES;
				IPHONEOS_DEPLOYMENT_TARGET = 12.1;
				MTL_ENABLE_DEBUG_INFO = NO;
				MTL_FAST_MATH = YES;
				SDKROOT = iphoneos;
				SWIFT_COMPILATION_MODE = wholemodule;
				SWIFT_OPTIMIZATION_LEVEL = "-O";
				VALIDATE_PRODUCT = YES;
			};
			name = Release;
		};
		FCADE4FD21ADA70F002E4AA7 /* Debug */ = {
			isa = XCBuildConfiguration;
			buildSettings = {
				ASSETCATALOG_COMPILER_APPICON_NAME = AppIcon;
				CODE_SIGN_STYLE = Automatic;
				DEBUG_INFORMATION_FORMAT = "dwarf-with-dsym";
				DEVELOPMENT_TEAM = 7AKBMT4K36;
				FRAMEWORK_SEARCH_PATHS = (
					"$(inherited)",
					"$(PROJECT_DIR)",
				);
				INFOPLIST_FILE = "Heroes Marvel/Info.plist";
				IPHONEOS_DEPLOYMENT_TARGET = 10.0;
				LD_RUNPATH_SEARCH_PATHS = (
					"$(inherited)",
					"@executable_path/Frameworks",
				);
				PRODUCT_BUNDLE_IDENTIFIER = "bgil.proyectos.Heroes-Marvel";
				PRODUCT_NAME = "$(TARGET_NAME)";
				SWIFT_VERSION = 4.2;
				TARGETED_DEVICE_FAMILY = "1,2";
			};
			name = Debug;
		};
		FCADE4FE21ADA70F002E4AA7 /* Release */ = {
			isa = XCBuildConfiguration;
			buildSettings = {
				ASSETCATALOG_COMPILER_APPICON_NAME = AppIcon;
				CODE_SIGN_STYLE = Automatic;
				DEVELOPMENT_TEAM = 7AKBMT4K36;
				FRAMEWORK_SEARCH_PATHS = (
					"$(inherited)",
					"$(PROJECT_DIR)",
				);
				INFOPLIST_FILE = "Heroes Marvel/Info.plist";
				IPHONEOS_DEPLOYMENT_TARGET = 10.0;
				LD_RUNPATH_SEARCH_PATHS = (
					"$(inherited)",
					"@executable_path/Frameworks",
				);
				PRODUCT_BUNDLE_IDENTIFIER = "bgil.proyectos.Heroes-Marvel";
				PRODUCT_NAME = "$(TARGET_NAME)";
				SWIFT_VERSION = 4.2;
				TARGETED_DEVICE_FAMILY = "1,2";
			};
			name = Release;
		};
/* End XCBuildConfiguration section */

/* Begin XCConfigurationList section */
		FCADE4E021ADA70B002E4AA7 /* Build configuration list for PBXProject "Heroes Marvel" */ = {
			isa = XCConfigurationList;
			buildConfigurations = (
				FCADE4FA21ADA70F002E4AA7 /* Debug */,
				FCADE4FB21ADA70F002E4AA7 /* Release */,
			);
			defaultConfigurationIsVisible = 0;
			defaultConfigurationName = Release;
		};
		FCADE4FC21ADA70F002E4AA7 /* Build configuration list for PBXNativeTarget "Heroes Marvel" */ = {
			isa = XCConfigurationList;
			buildConfigurations = (
				FCADE4FD21ADA70F002E4AA7 /* Debug */,
				FCADE4FE21ADA70F002E4AA7 /* Release */,
			);
			defaultConfigurationIsVisible = 0;
			defaultConfigurationName = Release;
		};
/* End XCConfigurationList section */

/* Begin XCVersionGroup section */
		FCADE4EA21ADA70B002E4AA7 /* Heroes_Marvel.xcdatamodeld */ = {
			isa = XCVersionGroup;
			children = (
				FCADE4EB21ADA70B002E4AA7 /* Heroes_Marvel.xcdatamodel */,
			);
			currentVersion = FCADE4EB21ADA70B002E4AA7 /* Heroes_Marvel.xcdatamodel */;
			path = Heroes_Marvel.xcdatamodeld;
			sourceTree = "<group>";
			versionGroupType = wrapper.xcdatamodel;
		};
/* End XCVersionGroup section */
	};
	rootObject = FCADE4DD21ADA70B002E4AA7 /* Project object */;
}
